
Microsoft Visual Studio Solution File, Format Version 12.00
# Visual Studio Version 18
VisualStudioVersion = 18.3.11520.95 d18.3
MinimumVisualStudioVersion = 10.0.40219.1
Project("{FAE04EC0-301F-11D3-BF4B-00C04F79EFBC}") = "br.com.fiap.cloudgames.WebAPI", "br.com.fiap.cloudgames.WebAPI\br.com.fiap.cloudgames.WebAPI.csproj", "{B10B0974-F5D5-4639-A8BB-DB78D2C250A9}"
EndProject
Project("{FAE04EC0-301F-11D3-BF4B-00C04F79EFBC}") = "br.com.fiap.cloudgames.Domain", "br.com.fiap.cloudgames.Domain\br.com.fiap.cloudgames.Domain.csproj", "{75D67BB6-B19C-45F6-9CDF-EC56EFBE19F7}"
EndProject
Project("{FAE04EC0-301F-11D3-BF4B-00C04F79EFBC}") = "br.com.fiap.cloudgames.Application", "br.com.fiap.cloudgames.Application\br.com.fiap.cloudgames.Application.csproj", "{800859F2-97DC-4622-8D5C-79247755BE7A}"
EndProject
Project("{FAE04EC0-301F-11D3-BF4B-00C04F79EFBC}") = "br.com.fiap.cloudgames.Infrastructure", "br.com.fiap.cloudgames.Infrastructure\br.com.fiap.cloudgames.Infrastructure.csproj", "{0FE9ABED-B6AF-4745-95FE-146DA16D0074}"
EndProject
Project("{2150E333-8FDC-42A3-9474-1A3956D46DE8}") = "src", "src", "{D23B4905-7310-4CF1-B93B-74D785DAE5D4}"
EndProject
Project("{2150E333-8FDC-42A3-9474-1A3956D46DE8}") = "test", "test", "{3881E08D-6683-45FB-BFFA-5F1F6634FA68}"
EndProject
Project("{FAE04EC0-301F-11D3-BF4B-00C04F79EFBC}") = "br.com.fiap.cloudgames.Domain.Tests", "br.com.fiap.cloudgames.Domain.Tests\br.com.fiap.cloudgames.Domain.Tests.csproj", "{34651BA6-CD9E-461A-9FF8-FFFAD2D90231}"
EndProject
Project("{FAE04EC0-301F-11D3-BF4B-00C04F79EFBC}") = "br.com.fiap.cloudgames.Application.Tests", "br.com.fiap.cloudgames.Application.Tests\br.com.fiap.cloudgames.Application.Tests.csproj", "{5E0B6A20-5326-4ADF-87BC-15728C62D48C}"
EndProject
Project("{FAE04EC0-301F-11D3-BF4B-00C04F79EFBC}") = "br.com.fiap.cloudgames.Specs", "br.com.fiap.cloudgames.Specs\br.com.fiap.cloudgames.Specs.csproj", "{BB6BF4C8-7951-4AF3-A755-BDCB6B9DFC72}"
EndProject
Global
	GlobalSection(SolutionConfigurationPlatforms) = preSolution
		Debug|Any CPU = Debug|Any CPU
		Release|Any CPU = Release|Any CPU
	EndGlobalSection
	GlobalSection(ProjectConfigurationPlatforms) = postSolution
		{B10B0974-F5D5-4639-A8BB-DB78D2C250A9}.Debug|Any CPU.ActiveCfg = Debug|Any CPU
		{B10B0974-F5D5-4639-A8BB-DB78D2C250A9}.Debug|Any CPU.Build.0 = Debug|Any CPU
		{B10B0974-F5D5-4639-A8BB-DB78D2C250A9}.Release|Any CPU.ActiveCfg = Release|Any CPU
		{B10B0974-F5D5-4639-A8BB-DB78D2C250A9}.Release|Any CPU.Build.0 = Release|Any CPU
		{75D67BB6-B19C-45F6-9CDF-EC56EFBE19F7}.Debug|Any CPU.ActiveCfg = Debug|Any CPU
		{75D67BB6-B19C-45F6-9CDF-EC56EFBE19F7}.Debug|Any CPU.Build.0 = Debug|Any CPU
		{75D67BB6-B19C-45F6-9CDF-EC56EFBE19F7}.Release|Any CPU.ActiveCfg = Release|Any CPU
		{75D67BB6-B19C-45F6-9CDF-EC56EFBE19F7}.Release|Any CPU.Build.0 = Release|Any CPU
		{800859F2-97DC-4622-8D5C-79247755BE7A}.Debug|Any CPU.ActiveCfg = Debug|Any CPU
		{800859F2-97DC-4622-8D5C-79247755BE7A}.Debug|Any CPU.Build.0 = Debug|Any CPU
		{800859F2-97DC-4622-8D5C-79247755BE7A}.Release|Any CPU.ActiveCfg = Release|Any CPU
		{800859F2-97DC-4622-8D5C-79247755BE7A}.Release|Any CPU.Build.0 = Release|Any CPU
		{0FE9ABED-B6AF-4745-95FE-146DA16D0074}.Debug|Any CPU.ActiveCfg = Debug|Any CPU
		{0FE9ABED-B6AF-4745-95FE-146DA16D0074}.Debug|Any CPU.Build.0 = Debug|Any CPU
		{0FE9ABED-B6AF-4745-95FE-146DA16D0074}.Release|Any CPU.ActiveCfg = Release|Any CPU
		{0FE9ABED-B6AF-4745-95FE-146DA16D0074}.Release|Any CPU.Build.0 = Release|Any CPU
		{34651BA6-CD9E-461A-9FF8-FFFAD2D90231}.Debug|Any CPU.ActiveCfg = Debug|Any CPU
		{34651BA6-CD9E-461A-9FF8-FFFAD2D90231}.Debug|Any CPU.Build.0 = Debug|Any CPU
		{34651BA6-CD9E-461A-9FF8-FFFAD2D90231}.Release|Any CPU.ActiveCfg = Release|Any CPU
		{34651BA6-CD9E-461A-9FF8-FFFAD2D90231}.Release|Any CPU.Build.0 = Release|Any CPU
		{5E0B6A20-5326-4ADF-87BC-15728C62D48C}.Debug|Any CPU.ActiveCfg = Debug|Any CPU
		{5E0B6A20-5326-4ADF-87BC-15728C62D48C}.Debug|Any CPU.Build.0 = Debug|Any CPU
		{5E0B6A20-5326-4ADF-87BC-15728C62D48C}.Release|Any CPU.ActiveCfg = Release|Any CPU
		{5E0B6A20-5326-4ADF-87BC-15728C62D48C}.Release|Any CPU.Build.0 = Release|Any CPU
		{BB6BF4C8-7951-4AF3-A755-BDCB6B9DFC72}.Debug|Any CPU.ActiveCfg = Debug|Any CPU
		{BB6BF4C8-7951-4AF3-A755-BDCB6B9DFC72}.Debug|Any CPU.Build.0 = Debug|Any CPU
		{BB6BF4C8-7951-4AF3-A755-BDCB6B9DFC72}.Release|Any CPU.ActiveCfg = Release|Any CPU
		{BB6BF4C8-7951-4AF3-A755-BDCB6B9DFC72}.Release|Any CPU.Build.0 = Release|Any CPU
	EndGlobalSection
	GlobalSection(SolutionProperties) = preSolution
		HideSolutionNode = FALSE
	EndGlobalSection
	GlobalSection(NestedProjects) = preSolution
		{B10B0974-F5D5-4639-A8BB-DB78D2C250A9} = {D23B4905-7310-4CF1-B93B-74D785DAE5D4}
		{75D67BB6-B19C-45F6-9CDF-EC56EFBE19F7} = {D23B4905-7310-4CF1-B93B-74D785DAE5D4}
		{800859F2-97DC-4622-8D5C-79247755BE7A} = {D23B4905-7310-4CF1-B93B-74D785DAE5D4}
		{0FE9ABED-B6AF-4745-95FE-146DA16D0074} = {D23B4905-7310-4CF1-B93B-74D785DAE5D4}
		{34651BA6-CD9E-461A-9FF8-FFFAD2D90231} = {3881E08D-6683-45FB-BFFA-5F1F6634FA68}
		{5E0B6A20-5326-4ADF-87BC-15728C62D48C} = {3881E08D-6683-45FB-BFFA-5F1F6634FA68}
		{BB6BF4C8-7951-4AF3-A755-BDCB6B9DFC72} = {3881E08D-6683-45FB-BFFA-5F1F6634FA68}
	EndGlobalSection
EndGlobal
